
Microsoft Visual Studio Solution File, Format Version 12.00
# Visual Studio Version 17
VisualStudioVersion = 17.5.33516.290
MinimumVisualStudioVersion = 10.0.40219.1
Project("{9A19103F-16F7-4668-BE54-9A1E7A4F7556}") = "ConcurrencyPatterns.Console", "ConcurrencyPatterns.Console\ConcurrencyPatterns.Console.csproj", "{68BCDA03-ED82-420F-84D1-4CE0C7A51073}"
EndProject
Project("{FAE04EC0-301F-11D3-BF4B-00C04F79EFBC}") = "ConcurrencyPatterns.WPF", "ConcurrencyPatterns.WPF\ConcurrencyPatterns.WPF.csproj", "{3F2FFEFA-0F6C-4B66-9A3A-F4D8CED3E016}"
EndProject
Global
	GlobalSection(SolutionConfigurationPlatforms) = preSolution
		Debug|Any CPU = Debug|Any CPU
		Release|Any CPU = Release|Any CPU
	EndGlobalSection
	GlobalSection(ProjectConfigurationPlatforms) = postSolution
		{68BCDA03-ED82-420F-84D1-4CE0C7A51073}.Debug|Any CPU.ActiveCfg = Debug|Any CPU
		{68BCDA03-ED82-420F-84D1-4CE0C7A51073}.Debug|Any CPU.Build.0 = Debug|Any CPU
		{68BCDA03-ED82-420F-84D1-4CE0C7A51073}.Release|Any CPU.ActiveCfg = Release|Any CPU
		{68BCDA03-ED82-420F-84D1-4CE0C7A51073}.Release|Any CPU.Build.0 = Release|Any CPU
		{3F2FFEFA-0F6C-4B66-9A3A-F4D8CED3E016}.Debug|Any CPU.ActiveCfg = Debug|Any CPU
		{3F2FFEFA-0F6C-4B66-9A3A-F4D8CED3E016}.Debug|Any CPU.Build.0 = Debug|Any CPU
		{3F2FFEFA-0F6C-4B66-9A3A-F4D8CED3E016}.Release|Any CPU.ActiveCfg = Release|Any CPU
		{3F2FFEFA-0F6C-4B66-9A3A-F4D8CED3E016}.Release|Any CPU.Build.0 = Release|Any CPU
	EndGlobalSection
	GlobalSection(SolutionProperties) = preSolution
		HideSolutionNode = FALSE
	EndGlobalSection
	GlobalSection(ExtensibilityGlobals) = postSolution
		SolutionGuid = {0D32A6EA-14EB-45B8-961E-7B4B13CA777D}
	EndGlobalSection
EndGlobal
